
Microsoft Visual Studio Solution File, Format Version 12.00
# Visual Studio Version 17
VisualStudioVersion = 17.1.32421.90
MinimumVisualStudioVersion = 10.0.40219.1
Project("{9A19103F-16F7-4668-BE54-9A1E7A4F7556}") = "PortSettings", "PortSettings\PortSettings.csproj", "{EB63BF95-B5D7-4E1F-84A2-5D2010388E44}"
EndProject
Project("{9A19103F-16F7-4668-BE54-9A1E7A4F7556}") = "DataAnalyse", "DataAnalyse\DataAnalyse.csproj", "{53C3579E-E3EE-4549-8EEE-CECB990AB590}"
EndProject
Project("{9A19103F-16F7-4668-BE54-9A1E7A4F7556}") = "PackageManager", "PackageManager\PackageManager.csproj", "{9CFE25F0-F3DD-4461-A132-1CD2B697F7AA}"
EndProject
Project("{9A19103F-16F7-4668-BE54-9A1E7A4F7556}") = "FilterPackage", "PackageFilter\FilterPackage.csproj", "{01912DA7-9C50-4E48-B30F-13CC4C2B5A58}"
EndProject
Global
	GlobalSection(SolutionConfigurationPlatforms) = preSolution
		Debug|Any CPU = Debug|Any CPU
		Release|Any CPU = Release|Any CPU
	EndGlobalSection
	GlobalSection(ProjectConfigurationPlatforms) = postSolution
		{EB63BF95-B5D7-4E1F-84A2-5D2010388E44}.Debug|Any CPU.ActiveCfg = Debug|Any CPU
		{EB63BF95-B5D7-4E1F-84A2-5D2010388E44}.Debug|Any CPU.Build.0 = Debug|Any CPU
		{EB63BF95-B5D7-4E1F-84A2-5D2010388E44}.Release|Any CPU.ActiveCfg = Release|Any CPU
		{EB63BF95-B5D7-4E1F-84A2-5D2010388E44}.Release|Any CPU.Build.0 = Release|Any CPU
		{53C3579E-E3EE-4549-8EEE-CECB990AB590}.Debug|Any CPU.ActiveCfg = Debug|Any CPU
		{53C3579E-E3EE-4549-8EEE-CECB990AB590}.Debug|Any CPU.Build.0 = Debug|Any CPU
		{53C3579E-E3EE-4549-8EEE-CECB990AB590}.Release|Any CPU.ActiveCfg = Release|Any CPU
		{53C3579E-E3EE-4549-8EEE-CECB990AB590}.Release|Any CPU.Build.0 = Release|Any CPU
		{9CFE25F0-F3DD-4461-A132-1CD2B697F7AA}.Debug|Any CPU.ActiveCfg = Debug|Any CPU
		{9CFE25F0-F3DD-4461-A132-1CD2B697F7AA}.Debug|Any CPU.Build.0 = Debug|Any CPU
		{9CFE25F0-F3DD-4461-A132-1CD2B697F7AA}.Release|Any CPU.ActiveCfg = Release|Any CPU
		{9CFE25F0-F3DD-4461-A132-1CD2B697F7AA}.Release|Any CPU.Build.0 = Release|Any CPU
		{01912DA7-9C50-4E48-B30F-13CC4C2B5A58}.Debug|Any CPU.ActiveCfg = Debug|Any CPU
		{01912DA7-9C50-4E48-B30F-13CC4C2B5A58}.Debug|Any CPU.Build.0 = Debug|Any CPU
		{01912DA7-9C50-4E48-B30F-13CC4C2B5A58}.Release|Any CPU.ActiveCfg = Release|Any CPU
		{01912DA7-9C50-4E48-B30F-13CC4C2B5A58}.Release|Any CPU.Build.0 = Release|Any CPU
	EndGlobalSection
	GlobalSection(SolutionProperties) = preSolution
		HideSolutionNode = FALSE
	EndGlobalSection
	GlobalSection(ExtensibilityGlobals) = postSolution
		SolutionGuid = {70545A20-2FBB-4C50-9C3C-099E035E2378}
	EndGlobalSection
EndGlobal
